
Microsoft Visual Studio Solution File, Format Version 12.00
# Visual Studio Version 16
VisualStudioVersion = 16.0.29911.84
MinimumVisualStudioVersion = 10.0.40219.1
Project("{FAE04EC0-301F-11D3-BF4B-00C04F79EFBC}") = "TestApi2", "TestApi2\TestApi2.csproj", "{51C15105-3151-4FB3-8730-36D15B57362C}"
EndProject
Global
	GlobalSection(SolutionConfigurationPlatforms) = preSolution
		Debug|Any CPU = Debug|Any CPU
		Release|Any CPU = Release|Any CPU
	EndGlobalSection
	GlobalSection(ProjectConfigurationPlatforms) = postSolution
		{51C15105-3151-4FB3-8730-36D15B57362C}.Debug|Any CPU.ActiveCfg = Debug|Any CPU
		{51C15105-3151-4FB3-8730-36D15B57362C}.Debug|Any CPU.Build.0 = Debug|Any CPU
		{51C15105-3151-4FB3-8730-36D15B57362C}.Release|Any CPU.ActiveCfg = Release|Any CPU
		{51C15105-3151-4FB3-8730-36D15B57362C}.Release|Any CPU.Build.0 = Release|Any CPU
	EndGlobalSection
	GlobalSection(SolutionProperties) = preSolution
		HideSolutionNode = FALSE
	EndGlobalSection
	GlobalSection(ExtensibilityGlobals) = postSolution
		SolutionGuid = {EDB838FD-E0C8-442A-8A19-3217BD5F9790}
	EndGlobalSection
EndGlobal
